// !$*UTF8*$!
{
	archiveVersion = 1;
	classes = {
	};
	objectVersion = 77;
	objects = {

/* Begin PBXBuildFile section */
		89C0334C2E3FCFA10095996F /* .gitignore in Resources */ = {isa = PBXBuildFile; fileRef = 89C0334B2E3FCFA10095996F /* .gitignore */; };
/* End PBXBuildFile section */

/* Begin PBXContainerItemProxy section */
		89C0332F2E3FCE3A0095996F /* PBXContainerItemProxy */ = {
			isa = PBXContainerItemProxy;
			containerPortal = 89C0330D2E3FCE390095996F /* Project object */;
			proxyType = 1;
			remoteGlobalIDString = 89C033142E3FCE390095996F;
			remoteInfo = DepthCharge;
		};
		89C033392E3FCE3A0095996F /* PBXContainerItemProxy */ = {
			isa = PBXContainerItemProxy;
			containerPortal = 89C0330D2E3FCE390095996F /* Project object */;
			proxyType = 1;
			remoteGlobalIDString = 89C033142E3FCE390095996F;
			remoteInfo = DepthCharge;
		};
/* End PBXContainerItemProxy section */

/* Begin PBXFileReference section */
		89C033152E3FCE390095996F /* DepthCharge.app */ = {isa = PBXFileReference; explicitFileType = wrapper.application; includeInIndex = 0; path = DepthCharge.app; sourceTree = BUILT_PRODUCTS_DIR; };
		89C0332E2E3FCE3A0095996F /* DepthChargeTests.xctest */ = {isa = PBXFileReference; explicitFileType = wrapper.cfbundle; includeInIndex = 0; path = DepthChargeTests.xctest; sourceTree = BUILT_PRODUCTS_DIR; };
		89C033382E3FCE3A0095996F /* DepthChargeUITests.xctest */ = {isa = PBXFileReference; explicitFileType = wrapper.cfbundle; includeInIndex = 0; path = DepthChargeUITests.xctest; sourceTree = BUILT_PRODUCTS_DIR; };
		89C0334B2E3FCFA10095996F /* .gitignore */ = {isa = PBXFileReference; lastKnownFileType = text; path = .gitignore; sourceTree = "<group>"; };
/* End PBXFileReference section */

/* Begin PBXFileSystemSynchronizedBuildFileExceptionSet section */
		89C034242E3FFF160095996F /* Exceptions for "DepthCharge" folder in "DepthCharge" target */ = {
			isa = PBXFileSystemSynchronizedBuildFileExceptionSet;
			membershipExceptions = (
				Info.plist,
			);
			target = 89C033142E3FCE390095996F /* DepthCharge */;
		};
/* End PBXFileSystemSynchronizedBuildFileExceptionSet section */

/* Begin PBXFileSystemSynchronizedRootGroup section */
		89C033172E3FCE390095996F /* DepthCharge */ = {
			isa = PBXFileSystemSynchronizedRootGroup;
			exceptions = (
				89C034242E3FFF160095996F /* Exceptions for "DepthCharge" folder in "DepthCharge" target */,
			);
			path = DepthCharge;
			sourceTree = "<group>";
		};
		89C033312E3FCE3A0095996F /* DepthChargeTests */ = {
			isa = PBXFileSystemSynchronizedRootGroup;
			path = DepthChargeTests;
			sourceTree = "<group>";
		};
		89C0333B2E3FCE3A0095996F /* DepthChargeUITests */ = {
			isa = PBXFileSystemSynchronizedRootGroup;
			path = DepthChargeUITests;
			sourceTree = "<group>";
		};
/* End PBXFileSystemSynchronizedRootGroup section */

/* Begin PBXFrameworksBuildPhase section */
		89C033122E3FCE390095996F /* Frameworks */ = {
			isa = PBXFrameworksBuildPhase;
			buildActionMask = 2147483647;
			files = (
			);
			runOnlyForDeploymentPostprocessing = 0;
		};
		89C0332B2E3FCE3A0095996F /* Frameworks */ = {
			isa = PBXFrameworksBuildPhase;
			buildActionMask = 2147483647;
			files = (
			);
			runOnlyForDeploymentPostprocessing = 0;
		};
		89C033352E3FCE3A0095996F /* Frameworks */ = {
			isa = PBXFrameworksBuildPhase;
			buildActionMask = 2147483647;
			files = (
			);
			runOnlyForDeploymentPostprocessing = 0;
		};
/* End PBXFrameworksBuildPhase section */

/* Begin PBXGroup section */
		89C0330C2E3FCE390095996F = {
			isa = PBXGroup;
			children = (
				89C0334B2E3FCFA10095996F /* .gitignore */,
				89C033172E3FCE390095996F /* DepthCharge */,
				89C033312E3FCE3A0095996F /* DepthChargeTests */,
				89C0333B2E3FCE3A0095996F /* DepthChargeUITests */,
				89C033162E3FCE390095996F /* Products */,
			);
			sourceTree = "<group>";
		};
		89C033162E3FCE390095996F /* Products */ = {
			isa = PBXGroup;
			children = (
				89C033152E3FCE390095996F /* DepthCharge.app */,
				89C0332E2E3FCE3A0095996F /* DepthChargeTests.xctest */,
				89C033382E3FCE3A0095996F /* DepthChargeUITests.xctest */,
			);
			name = Products;
			sourceTree = "<group>";
		};
/* End PBXGroup section */

/* Begin PBXNativeTarget section */
		89C033142E3FCE390095996F /* DepthCharge */ = {
			isa = PBXNativeTarget;
			buildConfigurationList = 89C033422E3FCE3A0095996F /* Build configuration list for PBXNativeTarget "DepthCharge" */;
			buildPhases = (
				89C033112E3FCE390095996F /* Sources */,
				89C033122E3FCE390095996F /* Frameworks */,
				89C033132E3FCE390095996F /* Resources */,
			);
			buildRules = (
			);
			dependencies = (
			);
			fileSystemSynchronizedGroups = (
				89C033172E3FCE390095996F /* DepthCharge */,
			);
			name = DepthCharge;
			packageProductDependencies = (
			);
			productName = DepthCharge;
			productReference = 89C033152E3FCE390095996F /* DepthCharge.app */;
			productType = "com.apple.product-type.application";
		};
		89C0332D2E3FCE3A0095996F /* DepthChargeTests */ = {
			isa = PBXNativeTarget;
			buildConfigurationList = 89C033452E3FCE3A0095996F /* Build configuration list for PBXNativeTarget "DepthChargeTests" */;
			buildPhases = (
				89C0332A2E3FCE3A0095996F /* Sources */,
				89C0332B2E3FCE3A0095996F /* Frameworks */,
				89C0332C2E3FCE3A0095996F /* Resources */,
			);
			buildRules = (
			);
			dependencies = (
				89C033302E3FCE3A0095996F /* PBXTargetDependency */,
			);
			fileSystemSynchronizedGroups = (
				89C033312E3FCE3A0095996F /* DepthChargeTests */,
			);
			name = DepthChargeTests;
			packageProductDependencies = (
			);
			productName = DepthChargeTests;
			productReference = 89C0332E2E3FCE3A0095996F /* DepthChargeTests.xctest */;
			productType = "com.apple.product-type.bundle.unit-test";
		};
		89C033372E3FCE3A0095996F /* DepthChargeUITests */ = {
			isa = PBXNativeTarget;
			buildConfigurationList = 89C033482E3FCE3A0095996F /* Build configuration list for PBXNativeTarget "DepthChargeUITests" */;
			buildPhases = (
				89C033342E3FCE3A0095996F /* Sources */,
				89C033352E3FCE3A0095996F /* Frameworks */,
				89C033362E3FCE3A0095996F /* Resources */,
			);
			buildRules = (
			);
			dependencies = (
				89C0333A2E3FCE3A0095996F /* PBXTargetDependency */,
			);
			fileSystemSynchronizedGroups = (
				89C0333B2E3FCE3A0095996F /* DepthChargeUITests */,
			);
			name = DepthChargeUITests;
			packageProductDependencies = (
			);
			productName = DepthChargeUITests;
			productReference = 89C033382E3FCE3A0095996F /* DepthChargeUITests.xctest */;
			productType = "com.apple.product-type.bundle.ui-testing";
		};
/* End PBXNativeTarget section */

/* Begin PBXProject section */
		89C0330D2E3FCE390095996F /* Project object */ = {
			isa = PBXProject;
			attributes = {
				BuildIndependentTargetsInParallel = 1;
				LastSwiftUpdateCheck = 1620;
				LastUpgradeCheck = 1620;
				ORGANIZATIONNAME = SquatchCode;
				TargetAttributes = {
					89C033142E3FCE390095996F = {
						CreatedOnToolsVersion = 16.2;
					};
					89C0332D2E3FCE3A0095996F = {
						CreatedOnToolsVersion = 16.2;
						TestTargetID = 89C033142E3FCE390095996F;
					};
					89C033372E3FCE3A0095996F = {
						CreatedOnToolsVersion = 16.2;
						TestTargetID = 89C033142E3FCE390095996F;
					};
				};
			};
			buildConfigurationList = 89C033102E3FCE390095996F /* Build configuration list for PBXProject "DepthCharge" */;
			developmentRegion = en;
			hasScannedForEncodings = 0;
			knownRegions = (
				en,
				Base,
			);
			mainGroup = 89C0330C2E3FCE390095996F;
			minimizedProjectReferenceProxies = 1;
			preferredProjectObjectVersion = 77;
			productRefGroup = 89C033162E3FCE390095996F /* Products */;
			projectDirPath = "";
			projectRoot = "";
			targets = (
				89C033142E3FCE390095996F /* DepthCharge */,
				89C0332D2E3FCE3A0095996F /* DepthChargeTests */,
				89C033372E3FCE3A0095996F /* DepthChargeUITests */,
			);
		};
/* End PBXProject section */

/* Begin PBXResourcesBuildPhase section */
		89C033132E3FCE390095996F /* Resources */ = {
			isa = PBXResourcesBuildPhase;
			buildActionMask = 2147483647;
			files = (
				89C0334C2E3FCFA10095996F /* .gitignore in Resources */,
			);
			runOnlyForDeploymentPostprocessing = 0;
		};
		89C0332C2E3FCE3A0095996F /* Resources */ = {
			isa = PBXResourcesBuildPhase;
			buildActionMask = 2147483647;
			files = (
			);
			runOnlyForDeploymentPostprocessing = 0;
		};
		89C033362E3FCE3A0095996F /* Resources */ = {
			isa = PBXResourcesBuildPhase;
			buildActionMask = 2147483647;
			files = (
			);
			runOnlyForDeploymentPostprocessing = 0;
		};
/* End PBXResourcesBuildPhase section */

/* Begin PBXSourcesBuildPhase section */
		89C033112E3FCE390095996F /* Sources */ = {
			isa = PBXSourcesBuildPhase;
			buildActionMask = 2147483647;
			files = (
			);
			runOnlyForDeploymentPostprocessing = 0;
		};
		89C0332A2E3FCE3A0095996F /* Sources */ = {
			isa = PBXSourcesBuildPhase;
			buildActionMask = 2147483647;
			files = (
			);
			runOnlyForDeploymentPostprocessing = 0;
		};
		89C033342E3FCE3A0095996F /* Sources */ = {
			isa = PBXSourcesBuildPhase;
			buildActionMask = 2147483647;
			files = (
			);
			runOnlyForDeploymentPostprocessing = 0;
		};
/* End PBXSourcesBuildPhase section */

/* Begin PBXTargetDependency section */
		89C033302E3FCE3A0095996F /* PBXTargetDependency */ = {
			isa = PBXTargetDependency;
			target = 89C033142E3FCE390095996F /* DepthCharge */;
			targetProxy = 89C0332F2E3FCE3A0095996F /* PBXContainerItemProxy */;
		};
		89C0333A2E3FCE3A0095996F /* PBXTargetDependency */ = {
			isa = PBXTargetDependency;
			target = 89C033142E3FCE390095996F /* DepthCharge */;
			targetProxy = 89C033392E3FCE3A0095996F /* PBXContainerItemProxy */;
		};
/* End PBXTargetDependency section */

/* Begin XCBuildConfiguration section */
		89C033402E3FCE3A0095996F /* Debug */ = {
			isa = XCBuildConfiguration;
			buildSettings = {
				ALWAYS_SEARCH_USER_PATHS = NO;
				ASSETCATALOG_COMPILER_GENERATE_SWIFT_ASSET_SYMBOL_EXTENSIONS = YES;
				CLANG_ANALYZER_NONNULL = YES;
				CLANG_ANALYZER_NUMBER_OBJECT_CONVERSION = YES_AGGRESSIVE;
				CLANG_CXX_LANGUAGE_STANDARD = "gnu++20";
				CLANG_ENABLE_MODULES = YES;
				CLANG_ENABLE_OBJC_ARC = YES;
				CLANG_ENABLE_OBJC_WEAK = YES;
				CLANG_WARN_BLOCK_CAPTURE_AUTORELEASING = YES;
				CLANG_WARN_BOOL_CONVERSION = YES;
				CLANG_WARN_COMMA = YES;
				CLANG_WARN_CONSTANT_CONVERSION = YES;
				CLANG_WARN_DEPRECATED_OBJC_IMPLEMENTATIONS = YES;
				CLANG_WARN_DIRECT_OBJC_ISA_USAGE = YES_ERROR;
				CLANG_WARN_DOCUMENTATION_COMMENTS = YES;
				CLANG_WARN_EMPTY_BODY = YES;
				CLANG_WARN_ENUM_CONVERSION = YES;
				CLANG_WARN_INFINITE_RECURSION = YES;
				CLANG_WARN_INT_CONVERSION = YES;
				CLANG_WARN_NON_LITERAL_NULL_CONVERSION = YES;
				CLANG_WARN_OBJC_IMPLICIT_RETAIN_SELF = YES;
				CLANG_WARN_OBJC_LITERAL_CONVERSION = YES;
				CLANG_WARN_OBJC_ROOT_CLASS = YES_ERROR;
				CLANG_WARN_QUOTED_INCLUDE_IN_FRAMEWORK_HEADER = YES;
				CLANG_WARN_RANGE_LOOP_ANALYSIS = YES;
				CLANG_WARN_STRICT_PROTOTYPES = YES;
				CLANG_WARN_SUSPICIOUS_MOVE = YES;
				CLANG_WARN_UNGUARDED_AVAILABILITY = YES_AGGRESSIVE;
				CLANG_WARN_UNREACHABLE_CODE = YES;
				CLANG_WARN__DUPLICATE_METHOD_MATCH = YES;
				COPY_PHASE_STRIP = NO;
				DEBUG_INFORMATION_FORMAT = dwarf;
				ENABLE_STRICT_OBJC_MSGSEND = YES;
				ENABLE_TESTABILITY = YES;
				ENABLE_USER_SCRIPT_SANDBOXING = YES;
				GCC_C_LANGUAGE_STANDARD = gnu17;
				GCC_DYNAMIC_NO_PIC = NO;
				GCC_NO_COMMON_BLOCKS = YES;
				GCC_OPTIMIZATION_LEVEL = 0;
				GCC_PREPROCESSOR_DEFINITIONS = (
					"DEBUG=1",
					"$(inherited)",
				);
				GCC_WARN_64_TO_32_BIT_CONVERSION = YES;
				GCC_WARN_ABOUT_RETURN_TYPE = YES_ERROR;
				GCC_WARN_UNDECLARED_SELECTOR = YES;
				GCC_WARN_UNINITIALIZED_AUTOS = YES_AGGRESSIVE;
				GCC_WARN_UNUSED_FUNCTION = YES;
				GCC_WARN_UNUSED_VARIABLE = YES;
				IPHONEOS_DEPLOYMENT_TARGET = 18.2;
				LOCALIZATION_PREFERS_STRING_CATALOGS = YES;
				MTL_ENABLE_DEBUG_INFO = INCLUDE_SOURCE;
				MTL_FAST_MATH = YES;
				ONLY_ACTIVE_ARCH = YES;
				SDKROOT = iphoneos;
				SWIFT_ACTIVE_COMPILATION_CONDITIONS = "DEBUG $(inherited)";
				SWIFT_OPTIMIZATION_LEVEL = "-Onone";
			};
			name = Debug;
		};
		89C033412E3FCE3A0095996F /* Release */ = {
			isa = XCBuildConfiguration;
			buildSettings = {
				ALWAYS_SEARCH_USER_PATHS = NO;
				ASSETCATALOG_COMPILER_GENERATE_SWIFT_ASSET_SYMBOL_EXTENSIONS = YES;
				CLANG_ANALYZER_NONNULL = YES;
				CLANG_ANALYZER_NUMBER_OBJECT_CONVERSION = YES_AGGRESSIVE;
				CLANG_CXX_LANGUAGE_STANDARD = "gnu++20";
				CLANG_ENABLE_MODULES = YES;
				CLANG_ENABLE_OBJC_ARC = YES;
				CLANG_ENABLE_OBJC_WEAK = YES;
				CLANG_WARN_BLOCK_CAPTURE_AUTORELEASING = YES;
				CLANG_WARN_BOOL_CONVERSION = YES;
				CLANG_WARN_COMMA = YES;
				CLANG_WARN_CONSTANT_CONVERSION = YES;
				CLANG_WARN_DEPRECATED_OBJC_IMPLEMENTATIONS = YES;
				CLANG_WARN_DIRECT_OBJC_ISA_USAGE = YES_ERROR;
				CLANG_WARN_DOCUMENTATION_COMMENTS = YES;
				CLANG_WARN_EMPTY_BODY = YES;
				CLANG_WARN_ENUM_CONVERSION = YES;
				CLANG_WARN_INFINITE_RECURSION = YES;
				CLANG_WARN_INT_CONVERSION = YES;
				CLANG_WARN_NON_LITERAL_NULL_CONVERSION = YES;
				CLANG_WARN_OBJC_IMPLICIT_RETAIN_SELF = YES;
				CLANG_WARN_OBJC_LITERAL_CONVERSION = YES;
				CLANG_WARN_OBJC_ROOT_CLASS = YES_ERROR;
				CLANG_WARN_QUOTED_INCLUDE_IN_FRAMEWORK_HEADER = YES;
				CLANG_WARN_RANGE_LOOP_ANALYSIS = YES;
				CLANG_WARN_STRICT_PROTOTYPES = YES;
				CLANG_WARN_SUSPICIOUS_MOVE = YES;
				CLANG_WARN_UNGUARDED_AVAILABILITY = YES_AGGRESSIVE;
				CLANG_WARN_UNREACHABLE_CODE = YES;
				CLANG_WARN__DUPLICATE_METHOD_MATCH = YES;
				COPY_PHASE_STRIP = NO;
				DEBUG_INFORMATION_FORMAT = "dwarf-with-dsym";
				ENABLE_NS_ASSERTIONS = NO;
				ENABLE_STRICT_OBJC_MSGSEND = YES;
				ENABLE_USER_SCRIPT_SANDBOXING = YES;
				GCC_C_LANGUAGE_STANDARD = gnu17;
				GCC_NO_COMMON_BLOCKS = YES;
				GCC_WARN_64_TO_32_BIT_CONVERSION = YES;
				GCC_WARN_ABOUT_RETURN_TYPE = YES_ERROR;
				GCC_WARN_UNDECLARED_SELECTOR = YES;
				GCC_WARN_UNINITIALIZED_AUTOS = YES_AGGRESSIVE;
				GCC_WARN_UNUSED_FUNCTION = YES;
				GCC_WARN_UNUSED_VARIABLE = YES;
				IPHONEOS_DEPLOYMENT_TARGET = 18.2;
				LOCALIZATION_PREFERS_STRING_CATALOGS = YES;
				MTL_ENABLE_DEBUG_INFO = NO;
				MTL_FAST_MATH = YES;
				SDKROOT = iphoneos;
				SWIFT_COMPILATION_MODE = wholemodule;
				VALIDATE_PRODUCT = YES;
			};
			name = Release;
		};
		89C033432E3FCE3A0095996F /* Debug */ = {
			isa = XCBuildConfiguration;
			buildSettings = {
				ASSETCATALOG_COMPILER_APPICON_NAME = AppIcon;
				ASSETCATALOG_COMPILER_GLOBAL_ACCENT_COLOR_NAME = AccentColor;
				CODE_SIGN_STYLE = Automatic;
				CURRENT_PROJECT_VERSION = 1;
				DEVELOPMENT_TEAM = 88ZFU9KN47;
				GENERATE_INFOPLIST_FILE = YES;
				INFOPLIST_FILE = DepthCharge/Info.plist;
				INFOPLIST_KEY_CFBundleDisplayName = "Depth Charge";
				INFOPLIST_KEY_LSApplicationCategoryType = "public.app-category.puzzle-games";
				INFOPLIST_KEY_UIApplicationSupportsIndirectInputEvents = YES;
				INFOPLIST_KEY_UILaunchStoryboardName = LaunchScreen;
				INFOPLIST_KEY_UIMainStoryboardFile = Main;
				INFOPLIST_KEY_UIStatusBarHidden = YES;
				INFOPLIST_KEY_UISupportedInterfaceOrientations = UIInterfaceOrientationPortrait;
				LD_RUNPATH_SEARCH_PATHS = (
					"$(inherited)",
					"@executable_path/Frameworks",
				);
				MARKETING_VERSION = 1.0;
				PRODUCT_BUNDLE_IDENTIFIER = com.squatchcode.DepthCharge;
				PRODUCT_NAME = "$(TARGET_NAME)";
				SUPPORTED_PLATFORMS = "iphoneos iphonesimulator";
				SUPPORTS_MACCATALYST = NO;
				SWIFT_EMIT_LOC_STRINGS = YES;
				SWIFT_VERSION = 5.0;
				TARGETED_DEVICE_FAMILY = "1,2";
			};
			name = Debug;
		};
		89C033442E3FCE3A0095996F /* Release */ = {
			isa = XCBuildConfiguration;
			buildSettings = {
				ASSETCATALOG_COMPILER_APPICON_NAME = AppIcon;
				ASSETCATALOG_COMPILER_GLOBAL_ACCENT_COLOR_NAME = AccentColor;
				CODE_SIGN_STYLE = Automatic;
				CURRENT_PROJECT_VERSION = 1;
				DEVELOPMENT_TEAM = 88ZFU9KN47;
				GENERATE_INFOPLIST_FILE = YES;
				INFOPLIST_FILE = DepthCharge/Info.plist;
				INFOPLIST_KEY_CFBundleDisplayName = "Depth Charge";
				INFOPLIST_KEY_LSApplicationCategoryType = "public.app-category.puzzle-games";
				INFOPLIST_KEY_UIApplicationSupportsIndirectInputEvents = YES;
				INFOPLIST_KEY_UILaunchStoryboardName = LaunchScreen;
				INFOPLIST_KEY_UIMainStoryboardFile = Main;
				INFOPLIST_KEY_UIStatusBarHidden = YES;
				INFOPLIST_KEY_UISupportedInterfaceOrientations = UIInterfaceOrientationPortrait;
				LD_RUNPATH_SEARCH_PATHS = (
					"$(inherited)",
					"@executable_path/Frameworks",
				);
				MARKETING_VERSION = 1.0;
				PRODUCT_BUNDLE_IDENTIFIER = com.squatchcode.DepthCharge;
				PRODUCT_NAME = "$(TARGET_NAME)";
				SUPPORTED_PLATFORMS = "iphoneos iphonesimulator";
				SUPPORTS_MACCATALYST = NO;
				SWIFT_EMIT_LOC_STRINGS = YES;
				SWIFT_VERSION = 5.0;
				TARGETED_DEVICE_FAMILY = "1,2";
			};
			name = Release;
		};
		89C033462E3FCE3A0095996F /* Debug */ = {
			isa = XCBuildConfiguration;
			buildSettings = {
				BUNDLE_LOADER = "$(TEST_HOST)";
				CODE_SIGN_STYLE = Automatic;
				CURRENT_PROJECT_VERSION = 1;
				DEVELOPMENT_TEAM = 88ZFU9KN47;
				GENERATE_INFOPLIST_FILE = YES;
				IPHONEOS_DEPLOYMENT_TARGET = 18.2;
				MARKETING_VERSION = 1.0;
				PRODUCT_BUNDLE_IDENTIFIER = com.squatchcode.DepthChargeTests;
				PRODUCT_NAME = "$(TARGET_NAME)";
				SWIFT_EMIT_LOC_STRINGS = NO;
				SWIFT_VERSION = 5.0;
				TARGETED_DEVICE_FAMILY = "1,2";
				TEST_HOST = "$(BUILT_PRODUCTS_DIR)/DepthCharge.app/$(BUNDLE_EXECUTABLE_FOLDER_PATH)/DepthCharge";
			};
			name = Debug;
		};
		89C033472E3FCE3A0095996F /* Release */ = {
			isa = XCBuildConfiguration;
			buildSettings = {
				BUNDLE_LOADER = "$(TEST_HOST)";
				CODE_SIGN_STYLE = Automatic;
				CURRENT_PROJECT_VERSION = 1;
				DEVELOPMENT_TEAM = 88ZFU9KN47;
				GENERATE_INFOPLIST_FILE = YES;
				IPHONEOS_DEPLOYMENT_TARGET = 18.2;
				MARKETING_VERSION = 1.0;
				PRODUCT_BUNDLE_IDENTIFIER = com.squatchcode.DepthChargeTests;
				PRODUCT_NAME = "$(TARGET_NAME)";
				SWIFT_EMIT_LOC_STRINGS = NO;
				SWIFT_VERSION = 5.0;
				TARGETED_DEVICE_FAMILY = "1,2";
				TEST_HOST = "$(BUILT_PRODUCTS_DIR)/DepthCharge.app/$(BUNDLE_EXECUTABLE_FOLDER_PATH)/DepthCharge";
			};
			name = Release;
		};
		89C033492E3FCE3A0095996F /* Debug */ = {
			isa = XCBuildConfiguration;
			buildSettings = {
				"CODE_SIGN_IDENTITY[sdk=macosx*]" = "Apple Development";
				CODE_SIGN_STYLE = Automatic;
				CURRENT_PROJECT_VERSION = 1;
				DEVELOPMENT_TEAM = 88ZFU9KN47;
				GENERATE_INFOPLIST_FILE = YES;
				MARKETING_VERSION = 1.0;
				PRODUCT_BUNDLE_IDENTIFIER = com.squatchcode.DepthChargeUITests;
				PRODUCT_NAME = "$(TARGET_NAME)";
				SWIFT_EMIT_LOC_STRINGS = NO;
				SWIFT_VERSION = 5.0;
				TARGETED_DEVICE_FAMILY = "1,2";
				TEST_TARGET_NAME = DepthCharge;
			};
			name = Debug;
		};
		89C0334A2E3FCE3A0095996F /* Release */ = {
			isa = XCBuildConfiguration;
			buildSettings = {
				"CODE_SIGN_IDENTITY[sdk=macosx*]" = "Apple Development";
				CODE_SIGN_STYLE = Automatic;
				CURRENT_PROJECT_VERSION = 1;
				DEVELOPMENT_TEAM = 88ZFU9KN47;
				GENERATE_INFOPLIST_FILE = YES;
				MARKETING_VERSION = 1.0;
				PRODUCT_BUNDLE_IDENTIFIER = com.squatchcode.DepthChargeUITests;
				PRODUCT_NAME = "$(TARGET_NAME)";
				SWIFT_EMIT_LOC_STRINGS = NO;
				SWIFT_VERSION = 5.0;
				TARGETED_DEVICE_FAMILY = "1,2";
				TEST_TARGET_NAME = DepthCharge;
			};
			name = Release;
		};
/* End XCBuildConfiguration section */

/* Begin XCConfigurationList section */
		89C033102E3FCE390095996F /* Build configuration list for PBXProject "DepthCharge" */ = {
			isa = XCConfigurationList;
			buildConfigurations = (
				89C033402E3FCE3A0095996F /* Debug */,
				89C033412E3FCE3A0095996F /* Release */,
			);
			defaultConfigurationIsVisible = 0;
			defaultConfigurationName = Release;
		};
		89C033422E3FCE3A0095996F /* Build configuration list for PBXNativeTarget "DepthCharge" */ = {
			isa = XCConfigurationList;
			buildConfigurations = (
				89C033432E3FCE3A0095996F /* Debug */,
				89C033442E3FCE3A0095996F /* Release */,
			);
			defaultConfigurationIsVisible = 0;
			defaultConfigurationName = Release;
		};
		89C033452E3FCE3A0095996F /* Build configuration list for PBXNativeTarget "DepthChargeTests" */ = {
			isa = XCConfigurationList;
			buildConfigurations = (
				89C033462E3FCE3A0095996F /* Debug */,
				89C033472E3FCE3A0095996F /* Release */,
			);
			defaultConfigurationIsVisible = 0;
			defaultConfigurationName = Release;
		};
		89C033482E3FCE3A0095996F /* Build configuration list for PBXNativeTarget "DepthChargeUITests" */ = {
			isa = XCConfigurationList;
			buildConfigurations = (
				89C033492E3FCE3A0095996F /* Debug */,
				89C0334A2E3FCE3A0095996F /* Release */,
			);
			defaultConfigurationIsVisible = 0;
			defaultConfigurationName = Release;
		};
/* End XCConfigurationList section */
	};
	rootObject = 89C0330D2E3FCE390095996F /* Project object */;
}
